
Microsoft Visual Studio Solution File, Format Version 12.00
# Visual Studio Version 17
VisualStudioVersion = 17.14.36408.4 d17.14
MinimumVisualStudioVersion = 10.0.40219.1
Project("{FAE04EC0-301F-11D3-BF4B-00C04F79EFBC}") = "ConsoleApp5", "ConsoleApp5.csproj", "{B1FBBE2B-47DD-4454-89AB-3F0BD6CD3D68}"
EndProject
Global
	GlobalSection(SolutionConfigurationPlatforms) = preSolution
		Debug|Any CPU = Debug|Any CPU
		Release|Any CPU = Release|Any CPU
	EndGlobalSection
	GlobalSection(ProjectConfigurationPlatforms) = postSolution
		{B1FBBE2B-47DD-4454-89AB-3F0BD6CD3D68}.Debug|Any CPU.ActiveCfg = Debug|Any CPU
		{B1FBBE2B-47DD-4454-89AB-3F0BD6CD3D68}.Debug|Any CPU.Build.0 = Debug|Any CPU
		{B1FBBE2B-47DD-4454-89AB-3F0BD6CD3D68}.Release|Any CPU.ActiveCfg = Release|Any CPU
		{B1FBBE2B-47DD-4454-89AB-3F0BD6CD3D68}.Release|Any CPU.Build.0 = Release|Any CPU
	EndGlobalSection
	GlobalSection(SolutionProperties) = preSolution
		HideSolutionNode = FALSE
	EndGlobalSection
	GlobalSection(ExtensibilityGlobals) = postSolution
		SolutionGuid = {762ABB5C-6595-4D44-A867-C337C4EEE6CB}
	EndGlobalSection
EndGlobal
